
Microsoft Visual Studio Solution File, Format Version 12.00
# Visual Studio Version 17
VisualStudioVersion = 17.7.34202.233
MinimumVisualStudioVersion = 10.0.40219.1
Project("{2150E333-8FDC-42A3-9474-1A3956D46DE8}") = "Meo.Client", "Meo.Client", "{E815A30E-3BEF-4991-87B8-4F618351E66F}"
EndProject
Project("{2150E333-8FDC-42A3-9474-1A3956D46DE8}") = "Meo.API", "Meo.API", "{B033EEBB-6CDC-445A-B77C-D8CE5BC97D91}"
EndProject
Project("{FAE04EC0-301F-11D3-BF4B-00C04F79EFBC}") = "Meo.Client.MAUI", "Meo.Mobile\Meo.Client.MAUI\Meo.Client.MAUI.csproj", "{514BD689-B912-4B1A-A912-38BBA23A505C}"
EndProject
Project("{FAE04EC0-301F-11D3-BF4B-00C04F79EFBC}") = "Meo.Client.MAUI.Blazor", "Meo.Mobile\Meo.Client.MAUI.Blazor\Meo.Client.MAUI.Blazor.csproj", "{BB61D24A-2977-44D5-B7A6-92337C0242E9}"
EndProject
Project("{FAE04EC0-301F-11D3-BF4B-00C04F79EFBC}") = "Meo.Client.Infra.Database", "Meo.Mobile\Meo.Client.Infra.Database\Meo.Client.Infra.Database.csproj", "{D77CE028-A24C-4179-B110-D4AFDDB566DF}"
EndProject
Project("{FAE04EC0-301F-11D3-BF4B-00C04F79EFBC}") = "Meo.Client.Core", "Meo.Mobile\Meo.Mobile.Core\Meo.Client.Core\Meo.Client.Core.csproj", "{E37D23AF-1ED2-4A20-8E07-350E0C4D6299}"
EndProject
Project("{2150E333-8FDC-42A3-9474-1A3956D46DE8}") = "Meo.Client.MAUI", "Meo.Client.MAUI", "{CDE38B23-8EB1-49F5-9D80-9A81E6EBF29D}"
EndProject
Project("{2150E333-8FDC-42A3-9474-1A3956D46DE8}") = "Meo.Client.Core", "Meo.Client.Core", "{54687306-9CB2-48D3-91FD-0FFABA595755}"
EndProject
Project("{2150E333-8FDC-42A3-9474-1A3956D46DE8}") = "Meo.Client.Infra", "Meo.Client.Infra", "{CAB28454-E376-4A25-B00B-B490C9F0F7E4}"
EndProject
Global
	GlobalSection(SolutionConfigurationPlatforms) = preSolution
		Debug|Any CPU = Debug|Any CPU
		Release|Any CPU = Release|Any CPU
	EndGlobalSection
	GlobalSection(ProjectConfigurationPlatforms) = postSolution
		{514BD689-B912-4B1A-A912-38BBA23A505C}.Debug|Any CPU.ActiveCfg = Debug|Any CPU
		{514BD689-B912-4B1A-A912-38BBA23A505C}.Debug|Any CPU.Build.0 = Debug|Any CPU
		{514BD689-B912-4B1A-A912-38BBA23A505C}.Release|Any CPU.ActiveCfg = Release|Any CPU
		{514BD689-B912-4B1A-A912-38BBA23A505C}.Release|Any CPU.Build.0 = Release|Any CPU
		{BB61D24A-2977-44D5-B7A6-92337C0242E9}.Debug|Any CPU.ActiveCfg = Debug|Any CPU
		{BB61D24A-2977-44D5-B7A6-92337C0242E9}.Debug|Any CPU.Build.0 = Debug|Any CPU
		{BB61D24A-2977-44D5-B7A6-92337C0242E9}.Release|Any CPU.ActiveCfg = Release|Any CPU
		{BB61D24A-2977-44D5-B7A6-92337C0242E9}.Release|Any CPU.Build.0 = Release|Any CPU
		{D77CE028-A24C-4179-B110-D4AFDDB566DF}.Debug|Any CPU.ActiveCfg = Debug|Any CPU
		{D77CE028-A24C-4179-B110-D4AFDDB566DF}.Debug|Any CPU.Build.0 = Debug|Any CPU
		{D77CE028-A24C-4179-B110-D4AFDDB566DF}.Release|Any CPU.ActiveCfg = Release|Any CPU
		{D77CE028-A24C-4179-B110-D4AFDDB566DF}.Release|Any CPU.Build.0 = Release|Any CPU
		{E37D23AF-1ED2-4A20-8E07-350E0C4D6299}.Debug|Any CPU.ActiveCfg = Debug|Any CPU
		{E37D23AF-1ED2-4A20-8E07-350E0C4D6299}.Debug|Any CPU.Build.0 = Debug|Any CPU
		{E37D23AF-1ED2-4A20-8E07-350E0C4D6299}.Release|Any CPU.ActiveCfg = Release|Any CPU
		{E37D23AF-1ED2-4A20-8E07-350E0C4D6299}.Release|Any CPU.Build.0 = Release|Any CPU
	EndGlobalSection
	GlobalSection(SolutionProperties) = preSolution
		HideSolutionNode = FALSE
	EndGlobalSection
	GlobalSection(NestedProjects) = preSolution
		{CDE38B23-8EB1-49F5-9D80-9A81E6EBF29D} = {E815A30E-3BEF-4991-87B8-4F618351E66F}
		{514BD689-B912-4B1A-A912-38BBA23A505C} = {CDE38B23-8EB1-49F5-9D80-9A81E6EBF29D}
		{BB61D24A-2977-44D5-B7A6-92337C0242E9} = {CDE38B23-8EB1-49F5-9D80-9A81E6EBF29D}
		{54687306-9CB2-48D3-91FD-0FFABA595755} = {E815A30E-3BEF-4991-87B8-4F618351E66F}
		{E37D23AF-1ED2-4A20-8E07-350E0C4D6299} = {54687306-9CB2-48D3-91FD-0FFABA595755}
		{CAB28454-E376-4A25-B00B-B490C9F0F7E4} = {E815A30E-3BEF-4991-87B8-4F618351E66F}
		{D77CE028-A24C-4179-B110-D4AFDDB566DF} = {CAB28454-E376-4A25-B00B-B490C9F0F7E4}
	EndGlobalSection
	GlobalSection(ExtensibilityGlobals) = postSolution
		SolutionGuid = {61080DC0-998F-411C-8F6E-058DA5FEB44E}
	EndGlobalSection
EndGlobal
