
Microsoft Visual Studio Solution File, Format Version 12.00
# Visual Studio Version 17
VisualStudioVersion = 17.7.34202.233
MinimumVisualStudioVersion = 10.0.40219.1
Project("{2150E333-8FDC-42A3-9474-1A3956D46DE8}") = "src", "src", "{297FD53B-55A3-44CD-B9B1-E7279A82D9B1}"
EndProject
Project("{2150E333-8FDC-42A3-9474-1A3956D46DE8}") = "Client", "Client", "{B05BB3CB-7951-4BF3-8D9C-5465BB6D49C2}"
EndProject
Project("{2150E333-8FDC-42A3-9474-1A3956D46DE8}") = "Application", "Application", "{E40A3AD8-3716-49E4-8B72-0D49B7269C3E}"
EndProject
Project("{9A19103F-16F7-4668-BE54-9A1E7A4F7556}") = "meowy.Client.Application.Universal", "src\Mobile\Application\meowy.Mobile.Application.Universal\meowy.Client.Application.Universal.csproj", "{199FFF32-5590-41AC-928B-ACE1A0ADF511}"
EndProject
Project("{2150E333-8FDC-42A3-9474-1A3956D46DE8}") = "Presentation", "Presentation", "{CFBF7E50-55BF-440A-A9EF-CE179E88C184}"
EndProject
Project("{FAE04EC0-301F-11D3-BF4B-00C04F79EFBC}") = "meowy.Client.Presentation.GUI", "Client\Presentation\meowy.Client.Presentation.GUI\meowy.Client.Presentation.GUI.csproj", "{973CCA23-DE44-47BC-8F33-D5F99A870D1B}"
EndProject
Global
	GlobalSection(SolutionConfigurationPlatforms) = preSolution
		Debug|Any CPU = Debug|Any CPU
		Release|Any CPU = Release|Any CPU
	EndGlobalSection
	GlobalSection(ProjectConfigurationPlatforms) = postSolution
		{199FFF32-5590-41AC-928B-ACE1A0ADF511}.Debug|Any CPU.ActiveCfg = Debug|Any CPU
		{199FFF32-5590-41AC-928B-ACE1A0ADF511}.Debug|Any CPU.Build.0 = Debug|Any CPU
		{199FFF32-5590-41AC-928B-ACE1A0ADF511}.Release|Any CPU.ActiveCfg = Release|Any CPU
		{199FFF32-5590-41AC-928B-ACE1A0ADF511}.Release|Any CPU.Build.0 = Release|Any CPU
		{973CCA23-DE44-47BC-8F33-D5F99A870D1B}.Debug|Any CPU.ActiveCfg = Debug|Any CPU
		{973CCA23-DE44-47BC-8F33-D5F99A870D1B}.Debug|Any CPU.Build.0 = Debug|Any CPU
		{973CCA23-DE44-47BC-8F33-D5F99A870D1B}.Debug|Any CPU.Deploy.0 = Debug|Any CPU
		{973CCA23-DE44-47BC-8F33-D5F99A870D1B}.Release|Any CPU.ActiveCfg = Release|Any CPU
		{973CCA23-DE44-47BC-8F33-D5F99A870D1B}.Release|Any CPU.Build.0 = Release|Any CPU
		{973CCA23-DE44-47BC-8F33-D5F99A870D1B}.Release|Any CPU.Deploy.0 = Release|Any CPU
	EndGlobalSection
	GlobalSection(SolutionProperties) = preSolution
		HideSolutionNode = FALSE
	EndGlobalSection
	GlobalSection(NestedProjects) = preSolution
		{B05BB3CB-7951-4BF3-8D9C-5465BB6D49C2} = {297FD53B-55A3-44CD-B9B1-E7279A82D9B1}
		{E40A3AD8-3716-49E4-8B72-0D49B7269C3E} = {B05BB3CB-7951-4BF3-8D9C-5465BB6D49C2}
		{199FFF32-5590-41AC-928B-ACE1A0ADF511} = {E40A3AD8-3716-49E4-8B72-0D49B7269C3E}
		{CFBF7E50-55BF-440A-A9EF-CE179E88C184} = {B05BB3CB-7951-4BF3-8D9C-5465BB6D49C2}
		{973CCA23-DE44-47BC-8F33-D5F99A870D1B} = {CFBF7E50-55BF-440A-A9EF-CE179E88C184}
	EndGlobalSection
	GlobalSection(ExtensibilityGlobals) = postSolution
		SolutionGuid = {61080DC0-998F-411C-8F6E-058DA5FEB44E}
	EndGlobalSection
EndGlobal
